
Microsoft Visual Studio Solution File, Format Version 12.00
# Visual Studio Version 16
VisualStudioVersion = 16.0.29102.190
MinimumVisualStudioVersion = 10.0.40219.1
Project("{FAE04EC0-301F-11D3-BF4B-00C04F79EFBC}") = "Lab1B", "Lab1B\Lab1B.csproj", "{BB0E297E-F1EE-4FA9-9EBE-2B864DB23BE8}"
EndProject
Global
	GlobalSection(SolutionConfigurationPlatforms) = preSolution
		Debug|Any CPU = Debug|Any CPU
		Release|Any CPU = Release|Any CPU
	EndGlobalSection
	GlobalSection(ProjectConfigurationPlatforms) = postSolution
		{BB0E297E-F1EE-4FA9-9EBE-2B864DB23BE8}.Debug|Any CPU.ActiveCfg = Debug|Any CPU
		{BB0E297E-F1EE-4FA9-9EBE-2B864DB23BE8}.Debug|Any CPU.Build.0 = Debug|Any CPU
		{BB0E297E-F1EE-4FA9-9EBE-2B864DB23BE8}.Release|Any CPU.ActiveCfg = Release|Any CPU
		{BB0E297E-F1EE-4FA9-9EBE-2B864DB23BE8}.Release|Any CPU.Build.0 = Release|Any CPU
	EndGlobalSection
	GlobalSection(SolutionProperties) = preSolution
		HideSolutionNode = FALSE
	EndGlobalSection
	GlobalSection(ExtensibilityGlobals) = postSolution
		SolutionGuid = {D710B7F5-0EAB-4BD3-9D22-5BEFEDEA02E5}
	EndGlobalSection
EndGlobal
